
Microsoft Visual Studio Solution File, Format Version 12.00
# Visual Studio Version 17
VisualStudioVersion = 17.2.32526.322
MinimumVisualStudioVersion = 10.0.40219.1
Project("{FAE04EC0-301F-11D3-BF4B-00C04F79EFBC}") = "BookStore", "BookStore\BookStore.csproj", "{5CE08525-DD41-4DDB-9C6E-87FCD2ADF816}"
EndProject
Project("{FAE04EC0-301F-11D3-BF4B-00C04F79EFBC}") = "BookStore.Models", "BookStore.Models\BookStore.Models.csproj", "{4B719D3C-B066-42AB-BFAD-9B15DDEBED06}"
EndProject
Project("{FAE04EC0-301F-11D3-BF4B-00C04F79EFBC}") = "BookStore.Repositories", "BookStore.Repositories\BookStore.Repositories.csproj", "{00E7BF31-AE88-44C8-9846-99001885487E}"
EndProject
Global
	GlobalSection(SolutionConfigurationPlatforms) = preSolution
		Debug|Any CPU = Debug|Any CPU
		Release|Any CPU = Release|Any CPU
	EndGlobalSection
	GlobalSection(ProjectConfigurationPlatforms) = postSolution
		{5CE08525-DD41-4DDB-9C6E-87FCD2ADF816}.Debug|Any CPU.ActiveCfg = Debug|Any CPU
		{5CE08525-DD41-4DDB-9C6E-87FCD2ADF816}.Debug|Any CPU.Build.0 = Debug|Any CPU
		{5CE08525-DD41-4DDB-9C6E-87FCD2ADF816}.Release|Any CPU.ActiveCfg = Release|Any CPU
		{5CE08525-DD41-4DDB-9C6E-87FCD2ADF816}.Release|Any CPU.Build.0 = Release|Any CPU
		{4B719D3C-B066-42AB-BFAD-9B15DDEBED06}.Debug|Any CPU.ActiveCfg = Debug|Any CPU
		{4B719D3C-B066-42AB-BFAD-9B15DDEBED06}.Debug|Any CPU.Build.0 = Debug|Any CPU
		{4B719D3C-B066-42AB-BFAD-9B15DDEBED06}.Release|Any CPU.ActiveCfg = Release|Any CPU
		{4B719D3C-B066-42AB-BFAD-9B15DDEBED06}.Release|Any CPU.Build.0 = Release|Any CPU
		{00E7BF31-AE88-44C8-9846-99001885487E}.Debug|Any CPU.ActiveCfg = Debug|Any CPU
		{00E7BF31-AE88-44C8-9846-99001885487E}.Debug|Any CPU.Build.0 = Debug|Any CPU
		{00E7BF31-AE88-44C8-9846-99001885487E}.Release|Any CPU.ActiveCfg = Release|Any CPU
		{00E7BF31-AE88-44C8-9846-99001885487E}.Release|Any CPU.Build.0 = Release|Any CPU
	EndGlobalSection
	GlobalSection(SolutionProperties) = preSolution
		HideSolutionNode = FALSE
	EndGlobalSection
	GlobalSection(ExtensibilityGlobals) = postSolution
		SolutionGuid = {CFEA4914-4046-43CB-8775-6195FD41D08A}
	EndGlobalSection
EndGlobal
